{
    "_meta": {
        "hash": {
            "sha256": "1d8ce4814b7886f848f0ed628dea3f7f8a5aa72325b50817e994e87699f43b20"
        },
        "pipfile-spec": 6,
        "requires": {
            "python_version": "3.6"
        },
        "sources": [
            {
                "name": "pypi",
                "url": "https://pypi.org/simple",
                "verify_ssl": true
            }
        ]
    },
    "default": {
        "parameterized": {
            "hashes": [
                "sha256:190f8cc7230eee0b56b30d7f074fd4d165f7c45e6077582d0813c8557e738490",
                "sha256:59ab908e31c01505a987a2be78854e19cb1630c047bbab7848169c371d614d56"
            ],
            "index": "pypi",
            "version": "==0.7.4"
        }
    },
    "develop": {}
}
