{
    "_meta": {
        "hash": {
            "sha256": "afc1b6f5b76fadb96256c14d39309f44f391f5cf0ad9de50f66c8f7bd2b9c1fe"
        },
        "pipfile-spec": 6,
        "requires": {},
        "sources": [
            {
                "name": "pypi",
                "url": "https://pypi.org/simple",
                "verify_ssl": true
            }
        ]
    },
    "default": {},
    "develop": {
        "parameterized": {
            "hashes": [
                "sha256:41bbff37d6186430f77f900d777e5bb6a24928a1c46fb1de692f8b52b8833b5c",
                "sha256:9cbb0b69a03e8695d68b3399a8a5825200976536fe1cb79db60ed6a4c8c9efe9"
            ],
            "index": "pypi",
            "version": "==0.8.1"
        }
    }
}
